// !$*UTF8*$!
{
	archiveVersion = 1;
	classes = {
	};
	objectVersion = 46;
	objects = {

/* Begin PBXBuildFile section */
		BDAC1C461E3E5A3600C2661B /* AppDelegate.swift in Sources */ = {isa = PBXBuildFile; fileRef = BDAC1C451E3E5A3600C2661B /* AppDelegate.swift */; };
		BDAC1C481E3E5A3600C2661B /* RecordSoundsViewController.swift in Sources */ = {isa = PBXBuildFile; fileRef = BDAC1C471E3E5A3600C2661B /* RecordSoundsViewController.swift */; };
		BDAC1C4B1E3E5A3600C2661B /* Main.storyboard in Resources */ = {isa = PBXBuildFile; fileRef = BDAC1C491E3E5A3600C2661B /* Main.storyboard */; };
		BDAC1C4D1E3E5A3600C2661B /* Assets.xcassets in Resources */ = {isa = PBXBuildFile; fileRef = BDAC1C4C1E3E5A3600C2661B /* Assets.xcassets */; };
		BDAC1C501E3E5A3600C2661B /* LaunchScreen.storyboard in Resources */ = {isa = PBXBuildFile; fileRef = BDAC1C4E1E3E5A3600C2661B /* LaunchScreen.storyboard */; };
		BDAC1C581E3E720E00C2661B /* PlaySoundsViewController.swift in Sources */ = {isa = PBXBuildFile; fileRef = BDAC1C571E3E720E00C2661B /* PlaySoundsViewController.swift */; };
		BDAC1C5A1E3E7BB800C2661B /* PlaySoundsViewController+Audio.swift in Sources */ = {isa = PBXBuildFile; fileRef = BDAC1C591E3E7BB800C2661B /* PlaySoundsViewController+Audio.swift */; };
/* End PBXBuildFile section */

/* Begin PBXFileReference section */
		BDAC1C421E3E5A3600C2661B /* PitchPerfect.app */ = {isa = PBXFileReference; explicitFileType = wrapper.application; includeInIndex = 0; path = PitchPerfect.app; sourceTree = BUILT_PRODUCTS_DIR; };
		BDAC1C451E3E5A3600C2661B /* AppDelegate.swift */ = {isa = PBXFileReference; lastKnownFileType = sourcecode.swift; path = AppDelegate.swift; sourceTree = "<group>"; };
		BDAC1C471E3E5A3600C2661B /* RecordSoundsViewController.swift */ = {isa = PBXFileReference; lastKnownFileType = sourcecode.swift; path = RecordSoundsViewController.swift; sourceTree = "<group>"; };
		BDAC1C4A1E3E5A3600C2661B /* Base */ = {isa = PBXFileReference; lastKnownFileType = file.storyboard; name = Base; path = Base.lproj/Main.storyboard; sourceTree = "<group>"; };
		BDAC1C4C1E3E5A3600C2661B /* Assets.xcassets */ = {isa = PBXFileReference; lastKnownFileType = folder.assetcatalog; path = Assets.xcassets; sourceTree = "<group>"; };
		BDAC1C4F1E3E5A3600C2661B /* Base */ = {isa = PBXFileReference; lastKnownFileType = file.storyboard; name = Base; path = Base.lproj/LaunchScreen.storyboard; sourceTree = "<group>"; };
		BDAC1C511E3E5A3600C2661B /* Info.plist */ = {isa = PBXFileReference; lastKnownFileType = text.plist.xml; path = Info.plist; sourceTree = "<group>"; };
		BDAC1C571E3E720E00C2661B /* PlaySoundsViewController.swift */ = {isa = PBXFileReference; fileEncoding = 4; lastKnownFileType = sourcecode.swift; path = PlaySoundsViewController.swift; sourceTree = "<group>"; };
		BDAC1C591E3E7BB800C2661B /* PlaySoundsViewController+Audio.swift */ = {isa = PBXFileReference; fileEncoding = 4; lastKnownFileType = sourcecode.swift; path = "PlaySoundsViewController+Audio.swift"; sourceTree = "<group>"; };
/* End PBXFileReference section */

/* Begin PBXFrameworksBuildPhase section */
		BDAC1C3F1E3E5A3600C2661B /* Frameworks */ = {
			isa = PBXFrameworksBuildPhase;
			buildActionMask = 2147483647;
			files = (
			);
			runOnlyForDeploymentPostprocessing = 0;
		};
/* End PBXFrameworksBuildPhase section */

/* Begin PBXGroup section */
		BDAC1C391E3E5A3600C2661B = {
			isa = PBXGroup;
			children = (
				BDAC1C441E3E5A3600C2661B /* PitchPerfect */,
				BDAC1C431E3E5A3600C2661B /* Products */,
			);
			sourceTree = "<group>";
		};
		BDAC1C431E3E5A3600C2661B /* Products */ = {
			isa = PBXGroup;
			children = (
				BDAC1C421E3E5A3600C2661B /* PitchPerfect.app */,
			);
			name = Products;
			sourceTree = "<group>";
		};
		BDAC1C441E3E5A3600C2661B /* PitchPerfect */ = {
			isa = PBXGroup;
			children = (
				BDAC1C451E3E5A3600C2661B /* AppDelegate.swift */,
				BDAC1C571E3E720E00C2661B /* PlaySoundsViewController.swift */,
				BDAC1C591E3E7BB800C2661B /* PlaySoundsViewController+Audio.swift */,
				BDAC1C471E3E5A3600C2661B /* RecordSoundsViewController.swift */,
				BDAC1C491E3E5A3600C2661B /* Main.storyboard */,
				BDAC1C4C1E3E5A3600C2661B /* Assets.xcassets */,
				BDAC1C4E1E3E5A3600C2661B /* LaunchScreen.storyboard */,
				BDAC1C511E3E5A3600C2661B /* Info.plist */,
			);
			path = PitchPerfect;
			sourceTree = "<group>";
		};
/* End PBXGroup section */

/* Begin PBXNativeTarget section */
		BDAC1C411E3E5A3600C2661B /* PitchPerfect */ = {
			isa = PBXNativeTarget;
			buildConfigurationList = BDAC1C541E3E5A3600C2661B /* Build configuration list for PBXNativeTarget "PitchPerfect" */;
			buildPhases = (
				BDAC1C3E1E3E5A3600C2661B /* Sources */,
				BDAC1C3F1E3E5A3600C2661B /* Frameworks */,
				BDAC1C401E3E5A3600C2661B /* Resources */,
			);
			buildRules = (
			);
			dependencies = (
			);
			name = PitchPerfect;
			productName = PitchPerfect;
			productReference = BDAC1C421E3E5A3600C2661B /* PitchPerfect.app */;
			productType = "com.apple.product-type.application";
		};
/* End PBXNativeTarget section */

/* Begin PBXProject section */
		BDAC1C3A1E3E5A3600C2661B /* Project object */ = {
			isa = PBXProject;
			attributes = {
				LastSwiftUpdateCheck = 0820;
				LastUpgradeCheck = 0820;
				ORGANIZATIONNAME = "Michael Montoya";
				TargetAttributes = {
					BDAC1C411E3E5A3600C2661B = {
						CreatedOnToolsVersion = 8.2.1;
						DevelopmentTeam = 6D6TA6Q69M;
						ProvisioningStyle = Automatic;
					};
				};
			};
			buildConfigurationList = BDAC1C3D1E3E5A3600C2661B /* Build configuration list for PBXProject "PitchPerfect" */;
			compatibilityVersion = "Xcode 3.2";
			developmentRegion = English;
			hasScannedForEncodings = 0;
			knownRegions = (
				en,
				Base,
			);
			mainGroup = BDAC1C391E3E5A3600C2661B;
			productRefGroup = BDAC1C431E3E5A3600C2661B /* Products */;
			projectDirPath = "";
			projectRoot = "";
			targets = (
				BDAC1C411E3E5A3600C2661B /* PitchPerfect */,
			);
		};
/* End PBXProject section */

/* Begin PBXResourcesBuildPhase section */
		BDAC1C401E3E5A3600C2661B /* Resources */ = {
			isa = PBXResourcesBuildPhase;
			buildActionMask = 2147483647;
			files = (
				BDAC1C501E3E5A3600C2661B /* LaunchScreen.storyboard in Resources */,
				BDAC1C4D1E3E5A3600C2661B /* Assets.xcassets in Resources */,
				BDAC1C4B1E3E5A3600C2661B /* Main.storyboard in Resources */,
			);
			runOnlyForDeploymentPostprocessing = 0;
		};
/* End PBXResourcesBuildPhase section */

/* Begin PBXSourcesBuildPhase section */
		BDAC1C3E1E3E5A3600C2661B /* Sources */ = {
			isa = PBXSourcesBuildPhase;
			buildActionMask = 2147483647;
			files = (
				BDAC1C481E3E5A3600C2661B /* RecordSoundsViewController.swift in Sources */,
				BDAC1C5A1E3E7BB800C2661B /* PlaySoundsViewController+Audio.swift in Sources */,
				BDAC1C581E3E720E00C2661B /* PlaySoundsViewController.swift in Sources */,
				BDAC1C461E3E5A3600C2661B /* AppDelegate.swift in Sources */,
			);
			runOnlyForDeploymentPostprocessing = 0;
		};
/* End PBXSourcesBuildPhase section */

/* Begin PBXVariantGroup section */
		BDAC1C491E3E5A3600C2661B /* Main.storyboard */ = {
			isa = PBXVariantGroup;
			children = (
				BDAC1C4A1E3E5A3600C2661B /* Base */,
			);
			name = Main.storyboard;
			sourceTree = "<group>";
		};
		BDAC1C4E1E3E5A3600C2661B /* LaunchScreen.storyboard */ = {
			isa = PBXVariantGroup;
			children = (
				BDAC1C4F1E3E5A3600C2661B /* Base */,
			);
			name = LaunchScreen.storyboard;
			sourceTree = "<group>";
		};
/* End PBXVariantGroup section */

/* Begin XCBuildConfiguration section */
		BDAC1C521E3E5A3600C2661B /* Debug */ = {
			isa = XCBuildConfiguration;
			buildSettings = {
				ALWAYS_SEARCH_USER_PATHS = NO;
				CLANG_ANALYZER_NONNULL = YES;
				CLANG_CXX_LANGUAGE_STANDARD = "gnu++0x";
				CLANG_CXX_LIBRARY = "libc++";
				CLANG_ENABLE_MODULES = YES;
				CLANG_ENABLE_OBJC_ARC = YES;
				CLANG_WARN_BOOL_CONVERSION = YES;
				CLANG_WARN_CONSTANT_CONVERSION = YES;
				CLANG_WARN_DIRECT_OBJC_ISA_USAGE = YES_ERROR;
				CLANG_WARN_DOCUMENTATION_COMMENTS = YES;
				CLANG_WARN_EMPTY_BODY = YES;
				CLANG_WARN_ENUM_CONVERSION = YES;
				CLANG_WARN_INFINITE_RECURSION = YES;
				CLANG_WARN_INT_CONVERSION = YES;
				CLANG_WARN_OBJC_ROOT_CLASS = YES_ERROR;
				CLANG_WARN_SUSPICIOUS_MOVE = YES;
				CLANG_WARN_UNREACHABLE_CODE = YES;
				CLANG_WARN__DUPLICATE_METHOD_MATCH = YES;
				"CODE_SIGN_IDENTITY[sdk=iphoneos*]" = "iPhone Developer";
				COPY_PHASE_STRIP = NO;
				DEBUG_INFORMATION_FORMAT = dwarf;
				ENABLE_STRICT_OBJC_MSGSEND = YES;
				ENABLE_TESTABILITY = YES;
				GCC_C_LANGUAGE_STANDARD = gnu99;
				GCC_DYNAMIC_NO_PIC = NO;
				GCC_NO_COMMON_BLOCKS = YES;
				GCC_OPTIMIZATION_LEVEL = 0;
				GCC_PREPROCESSOR_DEFINITIONS = (
					"DEBUG=1",
					"$(inherited)",
				);
				GCC_WARN_64_TO_32_BIT_CONVERSION = YES;
				GCC_WARN_ABOUT_RETURN_TYPE = YES_ERROR;
				GCC_WARN_UNDECLARED_SELECTOR = YES;
				GCC_WARN_UNINITIALIZED_AUTOS = YES_AGGRESSIVE;
				GCC_WARN_UNUSED_FUNCTION = YES;
				GCC_WARN_UNUSED_VARIABLE = YES;
				IPHONEOS_DEPLOYMENT_TARGET = 10.2;
				MTL_ENABLE_DEBUG_INFO = YES;
				ONLY_ACTIVE_ARCH = YES;
				SDKROOT = iphoneos;
				SWIFT_ACTIVE_COMPILATION_CONDITIONS = DEBUG;
				SWIFT_OPTIMIZATION_LEVEL = "-Onone";
				TARGETED_DEVICE_FAMILY = "1,2";
			};
			name = Debug;
		};
		BDAC1C531E3E5A3600C2661B /* Release */ = {
			isa = XCBuildConfiguration;
			buildSettings = {
				ALWAYS_SEARCH_USER_PATHS = NO;
				CLANG_ANALYZER_NONNULL = YES;
				CLANG_CXX_LANGUAGE_STANDARD = "gnu++0x";
				CLANG_CXX_LIBRARY = "libc++";
				CLANG_ENABLE_MODULES = YES;
				CLANG_ENABLE_OBJC_ARC = YES;
				CLANG_WARN_BOOL_CONVERSION = YES;
				CLANG_WARN_CONSTANT_CONVERSION = YES;
				CLANG_WARN_DIRECT_OBJC_ISA_USAGE = YES_ERROR;
				CLANG_WARN_DOCUMENTATION_COMMENTS = YES;
				CLANG_WARN_EMPTY_BODY = YES;
				CLANG_WARN_ENUM_CONVERSION = YES;
				CLANG_WARN_INFINITE_RECURSION = YES;
				CLANG_WARN_INT_CONVERSION = YES;
				CLANG_WARN_OBJC_ROOT_CLASS = YES_ERROR;
				CLANG_WARN_SUSPICIOUS_MOVE = YES;
				CLANG_WARN_UNREACHABLE_CODE = YES;
				CLANG_WARN__DUPLICATE_METHOD_MATCH = YES;
				"CODE_SIGN_IDENTITY[sdk=iphoneos*]" = "iPhone Developer";
				COPY_PHASE_STRIP = NO;
				DEBUG_INFORMATION_FORMAT = "dwarf-with-dsym";
				ENABLE_NS_ASSERTIONS = NO;
				ENABLE_STRICT_OBJC_MSGSEND = YES;
				GCC_C_LANGUAGE_STANDARD = gnu99;
				GCC_NO_COMMON_BLOCKS = YES;
				GCC_WARN_64_TO_32_BIT_CONVERSION = YES;
				GCC_WARN_ABOUT_RETURN_TYPE = YES_ERROR;
				GCC_WARN_UNDECLARED_SELECTOR = YES;
				GCC_WARN_UNINITIALIZED_AUTOS = YES_AGGRESSIVE;
				GCC_WARN_UNUSED_FUNCTION = YES;
				GCC_WARN_UNUSED_VARIABLE = YES;
				IPHONEOS_DEPLOYMENT_TARGET = 10.2;
				MTL_ENABLE_DEBUG_INFO = NO;
				SDKROOT = iphoneos;
				SWIFT_OPTIMIZATION_LEVEL = "-Owholemodule";
				TARGETED_DEVICE_FAMILY = "1,2";
				VALIDATE_PRODUCT = YES;
			};
			name = Release;
		};
		BDAC1C551E3E5A3600C2661B /* Debug */ = {
			isa = XCBuildConfiguration;
			buildSettings = {
				ASSETCATALOG_COMPILER_APPICON_NAME = AppIcon;
				DEVELOPMENT_TEAM = 6D6TA6Q69M;
				INFOPLIST_FILE = PitchPerfect/Info.plist;
				LD_RUNPATH_SEARCH_PATHS = "$(inherited) @executable_path/Frameworks";
				PRODUCT_BUNDLE_IDENTIFIER = com.MikeMontoya.PitchPerfect;
				PRODUCT_NAME = "$(TARGET_NAME)";
				SWIFT_VERSION = 3.0;
			};
			name = Debug;
		};
		BDAC1C561E3E5A3600C2661B /* Release */ = {
			isa = XCBuildConfiguration;
			buildSettings = {
				ASSETCATALOG_COMPILER_APPICON_NAME = AppIcon;
				DEVELOPMENT_TEAM = 6D6TA6Q69M;
				INFOPLIST_FILE = PitchPerfect/Info.plist;
				LD_RUNPATH_SEARCH_PATHS = "$(inherited) @executable_path/Frameworks";
				PRODUCT_BUNDLE_IDENTIFIER = com.MikeMontoya.PitchPerfect;
				PRODUCT_NAME = "$(TARGET_NAME)";
				SWIFT_VERSION = 3.0;
			};
			name = Release;
		};
/* End XCBuildConfiguration section */

/* Begin XCConfigurationList section */
		BDAC1C3D1E3E5A3600C2661B /* Build configuration list for PBXProject "PitchPerfect" */ = {
			isa = XCConfigurationList;
			buildConfigurations = (
				BDAC1C521E3E5A3600C2661B /* Debug */,
				BDAC1C531E3E5A3600C2661B /* Release */,
			);
			defaultConfigurationIsVisible = 0;
			defaultConfigurationName = Release;
		};
		BDAC1C541E3E5A3600C2661B /* Build configuration list for PBXNativeTarget "PitchPerfect" */ = {
			isa = XCConfigurationList;
			buildConfigurations = (
				BDAC1C551E3E5A3600C2661B /* Debug */,
				BDAC1C561E3E5A3600C2661B /* Release */,
			);
			defaultConfigurationIsVisible = 0;
		};
/* End XCConfigurationList section */
	};
	rootObject = BDAC1C3A1E3E5A3600C2661B /* Project object */;
}
